// !$*UTF8*$!
{
	archiveVersion = 1;
	classes = {
	};
	objectVersion = 50;
	objects = {

/* Begin PBXBuildFile section */
		0879E9CB2406D664007890BC /* Interface.storyboard in Resources */ = {isa = PBXBuildFile; fileRef = 0879E9C92406D664007890BC /* Interface.storyboard */; };
		0879E9CD2406D669007890BC /* Assets.xcassets in Resources */ = {isa = PBXBuildFile; fileRef = 0879E9CC2406D669007890BC /* Assets.xcassets */; };
		0879E9D42406D669007890BC /* Counter Watch Extension.appex in Embed App Extensions */ = {isa = PBXBuildFile; fileRef = 0879E9D32406D669007890BC /* Counter Watch Extension.appex */; settings = {ATTRIBUTES = (RemoveHeadersOnCopy, ); }; };
		0879E9D92406D669007890BC /* ContentView.swift in Sources */ = {isa = PBXBuildFile; fileRef = 0879E9D82406D669007890BC /* ContentView.swift */; };
		0879E9DB2406D669007890BC /* HostingController.swift in Sources */ = {isa = PBXBuildFile; fileRef = 0879E9DA2406D669007890BC /* HostingController.swift */; };
		0879E9DD2406D669007890BC /* ExtensionDelegate.swift in Sources */ = {isa = PBXBuildFile; fileRef = 0879E9DC2406D669007890BC /* ExtensionDelegate.swift */; };
		0879E9DF2406D669007890BC /* NotificationController.swift in Sources */ = {isa = PBXBuildFile; fileRef = 0879E9DE2406D669007890BC /* NotificationController.swift */; };
		0879E9E12406D669007890BC /* NotificationView.swift in Sources */ = {isa = PBXBuildFile; fileRef = 0879E9E02406D669007890BC /* NotificationView.swift */; };
		0879E9E32406D66A007890BC /* Assets.xcassets in Resources */ = {isa = PBXBuildFile; fileRef = 0879E9E22406D66A007890BC /* Assets.xcassets */; };
		0879E9E62406D66A007890BC /* Preview Assets.xcassets in Resources */ = {isa = PBXBuildFile; fileRef = 0879E9E52406D66A007890BC /* Preview Assets.xcassets */; };
		0879E9EB2406D66A007890BC /* Counter Watch.app in Embed Watch Content */ = {isa = PBXBuildFile; fileRef = 0879E9C72406D664007890BC /* Counter Watch.app */; settings = {ATTRIBUTES = (RemoveHeadersOnCopy, ); }; };
		0879E9F42406D73C007890BC /* AppState.swift in Sources */ = {isa = PBXBuildFile; fileRef = 3C67B5E722F35D9B00E84C1F /* AppState.swift */; };
		0879E9F52406D7C7007890BC /* WolframAlphaResult.swift in Sources */ = {isa = PBXBuildFile; fileRef = 3C67B5EB22F4A7BB00E84C1F /* WolframAlphaResult.swift */; };
		0879E9F62406D7D7007890BC /* Int+Extension.swift in Sources */ = {isa = PBXBuildFile; fileRef = 3C67B5E922F3630800E84C1F /* Int+Extension.swift */; };
		0879E9F92406E06B007890BC /* CounterView.swift in Sources */ = {isa = PBXBuildFile; fileRef = 0879E9F82406E06B007890BC /* CounterView.swift */; };
		0879E9FA2406E06B007890BC /* CounterView.swift in Sources */ = {isa = PBXBuildFile; fileRef = 0879E9F82406E06B007890BC /* CounterView.swift */; };
		0879E9FC2406E0FD007890BC /* IsPrimeModalView.swift in Sources */ = {isa = PBXBuildFile; fileRef = 0879E9FB2406E0FD007890BC /* IsPrimeModalView.swift */; };
		0879E9FD2406E0FD007890BC /* IsPrimeModalView.swift in Sources */ = {isa = PBXBuildFile; fileRef = 0879E9FB2406E0FD007890BC /* IsPrimeModalView.swift */; };
		0879E9FF2406E12F007890BC /* FavoritePrimesView.swift in Sources */ = {isa = PBXBuildFile; fileRef = 0879E9FE2406E12F007890BC /* FavoritePrimesView.swift */; };
		0879EA002406E12F007890BC /* FavoritePrimesView.swift in Sources */ = {isa = PBXBuildFile; fileRef = 0879E9FE2406E12F007890BC /* FavoritePrimesView.swift */; };
		0879EA052406E19F007890BC /* PrimeAlert.swift in Sources */ = {isa = PBXBuildFile; fileRef = 0879EA042406E19F007890BC /* PrimeAlert.swift */; };
		0879EA062406E19F007890BC /* PrimeAlert.swift in Sources */ = {isa = PBXBuildFile; fileRef = 0879EA042406E19F007890BC /* PrimeAlert.swift */; };
		0879EA0E2406E2DD007890BC /* AppDelegate.swift in Sources */ = {isa = PBXBuildFile; fileRef = 0879EA0D2406E2DD007890BC /* AppDelegate.swift */; };
		0879EA102406E2DD007890BC /* ContentView.swift in Sources */ = {isa = PBXBuildFile; fileRef = 0879EA0F2406E2DD007890BC /* ContentView.swift */; };
		0879EA122406E2E0007890BC /* Assets.xcassets in Resources */ = {isa = PBXBuildFile; fileRef = 0879EA112406E2E0007890BC /* Assets.xcassets */; };
		0879EA152406E2E0007890BC /* Preview Assets.xcassets in Resources */ = {isa = PBXBuildFile; fileRef = 0879EA142406E2E0007890BC /* Preview Assets.xcassets */; };
		0879EA182406E2E0007890BC /* Main.storyboard in Resources */ = {isa = PBXBuildFile; fileRef = 0879EA162406E2E0007890BC /* Main.storyboard */; };
		0879EA1E2406E30D007890BC /* WolframAlphaResult.swift in Sources */ = {isa = PBXBuildFile; fileRef = 3C67B5EB22F4A7BB00E84C1F /* WolframAlphaResult.swift */; };
		0879EA1F2406E30D007890BC /* AppState.swift in Sources */ = {isa = PBXBuildFile; fileRef = 3C67B5E722F35D9B00E84C1F /* AppState.swift */; };
		0879EA202406E30D007890BC /* PrimeAlert.swift in Sources */ = {isa = PBXBuildFile; fileRef = 0879EA042406E19F007890BC /* PrimeAlert.swift */; };
		0879EA212406E310007890BC /* Int+Extension.swift in Sources */ = {isa = PBXBuildFile; fileRef = 3C67B5E922F3630800E84C1F /* Int+Extension.swift */; };
		0879EA242406E313007890BC /* IsPrimeModalView.swift in Sources */ = {isa = PBXBuildFile; fileRef = 0879E9FB2406E0FD007890BC /* IsPrimeModalView.swift */; };
		0879EA262406E4CF007890BC /* NavigationMaster.swift in Sources */ = {isa = PBXBuildFile; fileRef = 0879EA252406E4CF007890BC /* NavigationMaster.swift */; };
		0879EA282406E76A007890BC /* NavigationDetail.swift in Sources */ = {isa = PBXBuildFile; fileRef = 0879EA272406E76A007890BC /* NavigationDetail.swift */; };
		0879EA292406F7CF007890BC /* FavoritePrimesView.swift in Sources */ = {isa = PBXBuildFile; fileRef = 0879E9FE2406E12F007890BC /* FavoritePrimesView.swift */; };
		0879EA2B2406F825007890BC /* FavoritesPrimeContainerView.swift in Sources */ = {isa = PBXBuildFile; fileRef = 0879EA2A2406F825007890BC /* FavoritesPrimeContainerView.swift */; };
		0879EA2D2406F92F007890BC /* CounterView.swift in Sources */ = {isa = PBXBuildFile; fileRef = 0879EA2C2406F92F007890BC /* CounterView.swift */; };
		3C67B5D422F2A27000E84C1F /* AppDelegate.swift in Sources */ = {isa = PBXBuildFile; fileRef = 3C67B5D322F2A27000E84C1F /* AppDelegate.swift */; };
		3C67B5D622F2A27000E84C1F /* SceneDelegate.swift in Sources */ = {isa = PBXBuildFile; fileRef = 3C67B5D522F2A27000E84C1F /* SceneDelegate.swift */; };
		3C67B5D822F2A27000E84C1F /* ContentView.swift in Sources */ = {isa = PBXBuildFile; fileRef = 3C67B5D722F2A27000E84C1F /* ContentView.swift */; };
		3C67B5DA22F2A27200E84C1F /* Assets.xcassets in Resources */ = {isa = PBXBuildFile; fileRef = 3C67B5D922F2A27200E84C1F /* Assets.xcassets */; };
		3C67B5DD22F2A27200E84C1F /* Preview Assets.xcassets in Resources */ = {isa = PBXBuildFile; fileRef = 3C67B5DC22F2A27200E84C1F /* Preview Assets.xcassets */; };
		3C67B5E022F2A27200E84C1F /* LaunchScreen.storyboard in Resources */ = {isa = PBXBuildFile; fileRef = 3C67B5DE22F2A27200E84C1F /* LaunchScreen.storyboard */; };
		3C67B5E822F35D9B00E84C1F /* AppState.swift in Sources */ = {isa = PBXBuildFile; fileRef = 3C67B5E722F35D9B00E84C1F /* AppState.swift */; };
		3C67B5EA22F3630800E84C1F /* Int+Extension.swift in Sources */ = {isa = PBXBuildFile; fileRef = 3C67B5E922F3630800E84C1F /* Int+Extension.swift */; };
		3C67B5EC22F4A7BB00E84C1F /* WolframAlphaResult.swift in Sources */ = {isa = PBXBuildFile; fileRef = 3C67B5EB22F4A7BB00E84C1F /* WolframAlphaResult.swift */; };
/* End PBXBuildFile section */

/* Begin PBXContainerItemProxy section */
		0879E9D52406D669007890BC /* PBXContainerItemProxy */ = {
			isa = PBXContainerItemProxy;
			containerPortal = 3C67B5C822F2A27000E84C1F /* Project object */;
			proxyType = 1;
			remoteGlobalIDString = 0879E9D22406D669007890BC;
			remoteInfo = "Counter Watch Extension";
		};
		0879E9E92406D66A007890BC /* PBXContainerItemProxy */ = {
			isa = PBXContainerItemProxy;
			containerPortal = 3C67B5C822F2A27000E84C1F /* Project object */;
			proxyType = 1;
			remoteGlobalIDString = 0879E9C62406D664007890BC;
			remoteInfo = "Counter Watch";
		};
/* End PBXContainerItemProxy section */

/* Begin PBXCopyFilesBuildPhase section */
		0879E9EC2406D66A007890BC /* Embed Watch Content */ = {
			isa = PBXCopyFilesBuildPhase;
			buildActionMask = 2147483647;
			dstPath = "$(CONTENTS_FOLDER_PATH)/Watch";
			dstSubfolderSpec = 16;
			files = (
				0879E9EB2406D66A007890BC /* Counter Watch.app in Embed Watch Content */,
			);
			name = "Embed Watch Content";
			runOnlyForDeploymentPostprocessing = 0;
		};
		0879E9EF2406D66A007890BC /* Embed App Extensions */ = {
			isa = PBXCopyFilesBuildPhase;
			buildActionMask = 2147483647;
			dstPath = "";
			dstSubfolderSpec = 13;
			files = (
				0879E9D42406D669007890BC /* Counter Watch Extension.appex in Embed App Extensions */,
			);
			name = "Embed App Extensions";
			runOnlyForDeploymentPostprocessing = 0;
		};
/* End PBXCopyFilesBuildPhase section */

/* Begin PBXFileReference section */
		0879E9C72406D664007890BC /* Counter Watch.app */ = {isa = PBXFileReference; explicitFileType = wrapper.application; includeInIndex = 0; path = "Counter Watch.app"; sourceTree = BUILT_PRODUCTS_DIR; };
		0879E9CA2406D664007890BC /* Base */ = {isa = PBXFileReference; lastKnownFileType = file.storyboard; name = Base; path = Base.lproj/Interface.storyboard; sourceTree = "<group>"; };
		0879E9CC2406D669007890BC /* Assets.xcassets */ = {isa = PBXFileReference; lastKnownFileType = folder.assetcatalog; path = Assets.xcassets; sourceTree = "<group>"; };
		0879E9CE2406D669007890BC /* Info.plist */ = {isa = PBXFileReference; lastKnownFileType = text.plist.xml; path = Info.plist; sourceTree = "<group>"; };
		0879E9D32406D669007890BC /* Counter Watch Extension.appex */ = {isa = PBXFileReference; explicitFileType = "wrapper.app-extension"; includeInIndex = 0; path = "Counter Watch Extension.appex"; sourceTree = BUILT_PRODUCTS_DIR; };
		0879E9D82406D669007890BC /* ContentView.swift */ = {isa = PBXFileReference; lastKnownFileType = sourcecode.swift; path = ContentView.swift; sourceTree = "<group>"; };
		0879E9DA2406D669007890BC /* HostingController.swift */ = {isa = PBXFileReference; lastKnownFileType = sourcecode.swift; path = HostingController.swift; sourceTree = "<group>"; };
		0879E9DC2406D669007890BC /* ExtensionDelegate.swift */ = {isa = PBXFileReference; lastKnownFileType = sourcecode.swift; path = ExtensionDelegate.swift; sourceTree = "<group>"; };
		0879E9DE2406D669007890BC /* NotificationController.swift */ = {isa = PBXFileReference; lastKnownFileType = sourcecode.swift; path = NotificationController.swift; sourceTree = "<group>"; };
		0879E9E02406D669007890BC /* NotificationView.swift */ = {isa = PBXFileReference; lastKnownFileType = sourcecode.swift; path = NotificationView.swift; sourceTree = "<group>"; };
		0879E9E22406D66A007890BC /* Assets.xcassets */ = {isa = PBXFileReference; lastKnownFileType = folder.assetcatalog; path = Assets.xcassets; sourceTree = "<group>"; };
		0879E9E52406D66A007890BC /* Preview Assets.xcassets */ = {isa = PBXFileReference; lastKnownFileType = folder.assetcatalog; path = "Preview Assets.xcassets"; sourceTree = "<group>"; };
		0879E9E72406D66A007890BC /* Info.plist */ = {isa = PBXFileReference; lastKnownFileType = text.plist.xml; path = Info.plist; sourceTree = "<group>"; };
		0879E9E82406D66A007890BC /* PushNotificationPayload.apns */ = {isa = PBXFileReference; lastKnownFileType = text; path = PushNotificationPayload.apns; sourceTree = "<group>"; };
		0879E9F82406E06B007890BC /* CounterView.swift */ = {isa = PBXFileReference; lastKnownFileType = sourcecode.swift; path = CounterView.swift; sourceTree = "<group>"; };
		0879E9FB2406E0FD007890BC /* IsPrimeModalView.swift */ = {isa = PBXFileReference; lastKnownFileType = sourcecode.swift; path = IsPrimeModalView.swift; sourceTree = "<group>"; };
		0879E9FE2406E12F007890BC /* FavoritePrimesView.swift */ = {isa = PBXFileReference; lastKnownFileType = sourcecode.swift; path = FavoritePrimesView.swift; sourceTree = "<group>"; };
		0879EA042406E19F007890BC /* PrimeAlert.swift */ = {isa = PBXFileReference; lastKnownFileType = sourcecode.swift; path = PrimeAlert.swift; sourceTree = "<group>"; };
		0879EA0B2406E2DD007890BC /* MacCounter.app */ = {isa = PBXFileReference; explicitFileType = wrapper.application; includeInIndex = 0; path = MacCounter.app; sourceTree = BUILT_PRODUCTS_DIR; };
		0879EA0D2406E2DD007890BC /* AppDelegate.swift */ = {isa = PBXFileReference; lastKnownFileType = sourcecode.swift; path = AppDelegate.swift; sourceTree = "<group>"; };
		0879EA0F2406E2DD007890BC /* ContentView.swift */ = {isa = PBXFileReference; lastKnownFileType = sourcecode.swift; path = ContentView.swift; sourceTree = "<group>"; };
		0879EA112406E2E0007890BC /* Assets.xcassets */ = {isa = PBXFileReference; lastKnownFileType = folder.assetcatalog; path = Assets.xcassets; sourceTree = "<group>"; };
		0879EA142406E2E0007890BC /* Preview Assets.xcassets */ = {isa = PBXFileReference; lastKnownFileType = folder.assetcatalog; path = "Preview Assets.xcassets"; sourceTree = "<group>"; };
		0879EA172406E2E0007890BC /* Base */ = {isa = PBXFileReference; lastKnownFileType = file.storyboard; name = Base; path = Base.lproj/Main.storyboard; sourceTree = "<group>"; };
		0879EA192406E2E0007890BC /* Info.plist */ = {isa = PBXFileReference; lastKnownFileType = text.plist.xml; path = Info.plist; sourceTree = "<group>"; };
		0879EA1A2406E2E0007890BC /* MacCounter.entitlements */ = {isa = PBXFileReference; lastKnownFileType = text.plist.entitlements; path = MacCounter.entitlements; sourceTree = "<group>"; };
		0879EA252406E4CF007890BC /* NavigationMaster.swift */ = {isa = PBXFileReference; lastKnownFileType = sourcecode.swift; path = NavigationMaster.swift; sourceTree = "<group>"; };
		0879EA272406E76A007890BC /* NavigationDetail.swift */ = {isa = PBXFileReference; lastKnownFileType = sourcecode.swift; path = NavigationDetail.swift; sourceTree = "<group>"; };
		0879EA2A2406F825007890BC /* FavoritesPrimeContainerView.swift */ = {isa = PBXFileReference; lastKnownFileType = sourcecode.swift; path = FavoritesPrimeContainerView.swift; sourceTree = "<group>"; };
		0879EA2C2406F92F007890BC /* CounterView.swift */ = {isa = PBXFileReference; lastKnownFileType = sourcecode.swift; path = CounterView.swift; sourceTree = "<group>"; };
		3C67B5D022F2A27000E84C1F /* Counter.app */ = {isa = PBXFileReference; explicitFileType = wrapper.application; includeInIndex = 0; path = Counter.app; sourceTree = BUILT_PRODUCTS_DIR; };
		3C67B5D322F2A27000E84C1F /* AppDelegate.swift */ = {isa = PBXFileReference; lastKnownFileType = sourcecode.swift; path = AppDelegate.swift; sourceTree = "<group>"; };
		3C67B5D522F2A27000E84C1F /* SceneDelegate.swift */ = {isa = PBXFileReference; lastKnownFileType = sourcecode.swift; path = SceneDelegate.swift; sourceTree = "<group>"; };
		3C67B5D722F2A27000E84C1F /* ContentView.swift */ = {isa = PBXFileReference; lastKnownFileType = sourcecode.swift; path = ContentView.swift; sourceTree = "<group>"; };
		3C67B5D922F2A27200E84C1F /* Assets.xcassets */ = {isa = PBXFileReference; lastKnownFileType = folder.assetcatalog; path = Assets.xcassets; sourceTree = "<group>"; };
		3C67B5DC22F2A27200E84C1F /* Preview Assets.xcassets */ = {isa = PBXFileReference; lastKnownFileType = folder.assetcatalog; path = "Preview Assets.xcassets"; sourceTree = "<group>"; };
		3C67B5DF22F2A27200E84C1F /* Base */ = {isa = PBXFileReference; lastKnownFileType = file.storyboard; name = Base; path = Base.lproj/LaunchScreen.storyboard; sourceTree = "<group>"; };
		3C67B5E122F2A27200E84C1F /* Info.plist */ = {isa = PBXFileReference; lastKnownFileType = text.plist.xml; path = Info.plist; sourceTree = "<group>"; };
		3C67B5E722F35D9B00E84C1F /* AppState.swift */ = {isa = PBXFileReference; lastKnownFileType = sourcecode.swift; path = AppState.swift; sourceTree = "<group>"; };
		3C67B5E922F3630800E84C1F /* Int+Extension.swift */ = {isa = PBXFileReference; lastKnownFileType = sourcecode.swift; path = "Int+Extension.swift"; sourceTree = "<group>"; };
		3C67B5EB22F4A7BB00E84C1F /* WolframAlphaResult.swift */ = {isa = PBXFileReference; lastKnownFileType = sourcecode.swift; path = WolframAlphaResult.swift; sourceTree = "<group>"; };
/* End PBXFileReference section */

/* Begin PBXFrameworksBuildPhase section */
		0879E9D02406D669007890BC /* Frameworks */ = {
			isa = PBXFrameworksBuildPhase;
			buildActionMask = 2147483647;
			files = (
			);
			runOnlyForDeploymentPostprocessing = 0;
		};
		0879EA082406E2DD007890BC /* Frameworks */ = {
			isa = PBXFrameworksBuildPhase;
			buildActionMask = 2147483647;
			files = (
			);
			runOnlyForDeploymentPostprocessing = 0;
		};
		3C67B5CD22F2A27000E84C1F /* Frameworks */ = {
			isa = PBXFrameworksBuildPhase;
			buildActionMask = 2147483647;
			files = (
			);
			runOnlyForDeploymentPostprocessing = 0;
		};
/* End PBXFrameworksBuildPhase section */

/* Begin PBXGroup section */
		0879E9C82406D664007890BC /* Counter Watch */ = {
			isa = PBXGroup;
			children = (
				0879E9C92406D664007890BC /* Interface.storyboard */,
				0879E9CC2406D669007890BC /* Assets.xcassets */,
				0879E9CE2406D669007890BC /* Info.plist */,
			);
			path = "Counter Watch";
			sourceTree = "<group>";
		};
		0879E9D72406D669007890BC /* Counter Watch Extension */ = {
			isa = PBXGroup;
			children = (
				0879E9D82406D669007890BC /* ContentView.swift */,
				0879E9DA2406D669007890BC /* HostingController.swift */,
				0879E9DC2406D669007890BC /* ExtensionDelegate.swift */,
				0879E9DE2406D669007890BC /* NotificationController.swift */,
				0879E9E02406D669007890BC /* NotificationView.swift */,
				0879E9E22406D66A007890BC /* Assets.xcassets */,
				0879E9E72406D66A007890BC /* Info.plist */,
				0879E9E82406D66A007890BC /* PushNotificationPayload.apns */,
				0879E9E42406D66A007890BC /* Preview Content */,
			);
			path = "Counter Watch Extension";
			sourceTree = "<group>";
		};
		0879E9E42406D66A007890BC /* Preview Content */ = {
			isa = PBXGroup;
			children = (
				0879E9E52406D66A007890BC /* Preview Assets.xcassets */,
			);
			path = "Preview Content";
			sourceTree = "<group>";
		};
		0879E9F72406DB16007890BC /* Shared */ = {
			isa = PBXGroup;
			children = (
				0879EA032406E16B007890BC /* Models */,
				0879EA022406E158007890BC /* Extensions */,
				0879EA012406E147007890BC /* Views */,
			);
			path = Shared;
			sourceTree = "<group>";
		};
		0879EA012406E147007890BC /* Views */ = {
			isa = PBXGroup;
			children = (
				0879E9FE2406E12F007890BC /* FavoritePrimesView.swift */,
				0879E9F82406E06B007890BC /* CounterView.swift */,
				0879E9FB2406E0FD007890BC /* IsPrimeModalView.swift */,
			);
			path = Views;
			sourceTree = "<group>";
		};
		0879EA022406E158007890BC /* Extensions */ = {
			isa = PBXGroup;
			children = (
				3C67B5E922F3630800E84C1F /* Int+Extension.swift */,
			);
			path = Extensions;
			sourceTree = "<group>";
		};
		0879EA032406E16B007890BC /* Models */ = {
			isa = PBXGroup;
			children = (
				3C67B5EB22F4A7BB00E84C1F /* WolframAlphaResult.swift */,
				3C67B5E722F35D9B00E84C1F /* AppState.swift */,
				0879EA042406E19F007890BC /* PrimeAlert.swift */,
			);
			path = Models;
			sourceTree = "<group>";
		};
		0879EA0C2406E2DD007890BC /* MacCounter */ = {
			isa = PBXGroup;
			children = (
				0879EA0D2406E2DD007890BC /* AppDelegate.swift */,
				0879EA0F2406E2DD007890BC /* ContentView.swift */,
				0879EA112406E2E0007890BC /* Assets.xcassets */,
				0879EA162406E2E0007890BC /* Main.storyboard */,
				0879EA192406E2E0007890BC /* Info.plist */,
				0879EA1A2406E2E0007890BC /* MacCounter.entitlements */,
				0879EA132406E2E0007890BC /* Preview Content */,
				0879EA252406E4CF007890BC /* NavigationMaster.swift */,
				0879EA272406E76A007890BC /* NavigationDetail.swift */,
				0879EA2C2406F92F007890BC /* CounterView.swift */,
			);
			path = MacCounter;
			sourceTree = "<group>";
		};
		0879EA132406E2E0007890BC /* Preview Content */ = {
			isa = PBXGroup;
			children = (
				0879EA142406E2E0007890BC /* Preview Assets.xcassets */,
			);
			path = "Preview Content";
			sourceTree = "<group>";
		};
		3C67B5C722F2A27000E84C1F = {
			isa = PBXGroup;
			children = (
				0879E9F72406DB16007890BC /* Shared */,
				3C67B5D222F2A27000E84C1F /* Counter */,
				0879E9C82406D664007890BC /* Counter Watch */,
				0879E9D72406D669007890BC /* Counter Watch Extension */,
				0879EA0C2406E2DD007890BC /* MacCounter */,
				3C67B5D122F2A27000E84C1F /* Products */,
			);
			sourceTree = "<group>";
		};
		3C67B5D122F2A27000E84C1F /* Products */ = {
			isa = PBXGroup;
			children = (
				3C67B5D022F2A27000E84C1F /* Counter.app */,
				0879E9C72406D664007890BC /* Counter Watch.app */,
				0879E9D32406D669007890BC /* Counter Watch Extension.appex */,
				0879EA0B2406E2DD007890BC /* MacCounter.app */,
			);
			name = Products;
			sourceTree = "<group>";
		};
		3C67B5D222F2A27000E84C1F /* Counter */ = {
			isa = PBXGroup;
			children = (
				3C67B5D322F2A27000E84C1F /* AppDelegate.swift */,
				3C67B5D522F2A27000E84C1F /* SceneDelegate.swift */,
				3C67B5D722F2A27000E84C1F /* ContentView.swift */,
				3C67B5D922F2A27200E84C1F /* Assets.xcassets */,
				3C67B5DE22F2A27200E84C1F /* LaunchScreen.storyboard */,
				3C67B5E122F2A27200E84C1F /* Info.plist */,
				3C67B5DB22F2A27200E84C1F /* Preview Content */,
				0879EA2A2406F825007890BC /* FavoritesPrimeContainerView.swift */,
			);
			path = Counter;
			sourceTree = "<group>";
		};
		3C67B5DB22F2A27200E84C1F /* Preview Content */ = {
			isa = PBXGroup;
			children = (
				3C67B5DC22F2A27200E84C1F /* Preview Assets.xcassets */,
			);
			path = "Preview Content";
			sourceTree = "<group>";
		};
/* End PBXGroup section */

/* Begin PBXNativeTarget section */
		0879E9C62406D664007890BC /* Counter Watch */ = {
			isa = PBXNativeTarget;
			buildConfigurationList = 0879E9F32406D66A007890BC /* Build configuration list for PBXNativeTarget "Counter Watch" */;
			buildPhases = (
				0879E9C52406D664007890BC /* Resources */,
				0879E9EF2406D66A007890BC /* Embed App Extensions */,
			);
			buildRules = (
			);
			dependencies = (
				0879E9D62406D669007890BC /* PBXTargetDependency */,
			);
			name = "Counter Watch";
			productName = "Counter Watch";
			productReference = 0879E9C72406D664007890BC /* Counter Watch.app */;
			productType = "com.apple.product-type.application.watchapp2";
		};
		0879E9D22406D669007890BC /* Counter Watch Extension */ = {
			isa = PBXNativeTarget;
			buildConfigurationList = 0879E9F22406D66A007890BC /* Build configuration list for PBXNativeTarget "Counter Watch Extension" */;
			buildPhases = (
				0879E9CF2406D669007890BC /* Sources */,
				0879E9D02406D669007890BC /* Frameworks */,
				0879E9D12406D669007890BC /* Resources */,
			);
			buildRules = (
			);
			dependencies = (
			);
			name = "Counter Watch Extension";
			productName = "Counter Watch Extension";
			productReference = 0879E9D32406D669007890BC /* Counter Watch Extension.appex */;
			productType = "com.apple.product-type.watchkit2-extension";
		};
		0879EA0A2406E2DD007890BC /* MacCounter */ = {
			isa = PBXNativeTarget;
			buildConfigurationList = 0879EA1B2406E2E0007890BC /* Build configuration list for PBXNativeTarget "MacCounter" */;
			buildPhases = (
				0879EA072406E2DD007890BC /* Sources */,
				0879EA082406E2DD007890BC /* Frameworks */,
				0879EA092406E2DD007890BC /* Resources */,
			);
			buildRules = (
			);
			dependencies = (
			);
			name = MacCounter;
			productName = MacCounter;
			productReference = 0879EA0B2406E2DD007890BC /* MacCounter.app */;
			productType = "com.apple.product-type.application";
		};
		3C67B5CF22F2A27000E84C1F /* Counter */ = {
			isa = PBXNativeTarget;
			buildConfigurationList = 3C67B5E422F2A27200E84C1F /* Build configuration list for PBXNativeTarget "Counter" */;
			buildPhases = (
				3C67B5CC22F2A27000E84C1F /* Sources */,
				3C67B5CD22F2A27000E84C1F /* Frameworks */,
				3C67B5CE22F2A27000E84C1F /* Resources */,
				0879E9EC2406D66A007890BC /* Embed Watch Content */,
			);
			buildRules = (
			);
			dependencies = (
				0879E9EA2406D66A007890BC /* PBXTargetDependency */,
			);
			name = Counter;
			productName = Counter;
			productReference = 3C67B5D022F2A27000E84C1F /* Counter.app */;
			productType = "com.apple.product-type.application";
		};
/* End PBXNativeTarget section */

/* Begin PBXProject section */
		3C67B5C822F2A27000E84C1F /* Project object */ = {
			isa = PBXProject;
			attributes = {
				LastSwiftUpdateCheck = 1130;
				LastUpgradeCheck = 1100;
				ORGANIZATIONNAME = "Dwarves Foundation";
				TargetAttributes = {
					0879E9C62406D664007890BC = {
						CreatedOnToolsVersion = 11.3.1;
					};
					0879E9D22406D669007890BC = {
						CreatedOnToolsVersion = 11.3.1;
					};
					0879EA0A2406E2DD007890BC = {
						CreatedOnToolsVersion = 11.3.1;
					};
					3C67B5CF22F2A27000E84C1F = {
						CreatedOnToolsVersion = 11.0;
					};
				};
			};
			buildConfigurationList = 3C67B5CB22F2A27000E84C1F /* Build configuration list for PBXProject "Counter" */;
			compatibilityVersion = "Xcode 9.3";
			developmentRegion = en;
			hasScannedForEncodings = 0;
			knownRegions = (
				en,
				Base,
			);
			mainGroup = 3C67B5C722F2A27000E84C1F;
			productRefGroup = 3C67B5D122F2A27000E84C1F /* Products */;
			projectDirPath = "";
			projectRoot = "";
			targets = (
				3C67B5CF22F2A27000E84C1F /* Counter */,
				0879E9C62406D664007890BC /* Counter Watch */,
				0879E9D22406D669007890BC /* Counter Watch Extension */,
				0879EA0A2406E2DD007890BC /* MacCounter */,
			);
		};
/* End PBXProject section */

/* Begin PBXResourcesBuildPhase section */
		0879E9C52406D664007890BC /* Resources */ = {
			isa = PBXResourcesBuildPhase;
			buildActionMask = 2147483647;
			files = (
				0879E9CD2406D669007890BC /* Assets.xcassets in Resources */,
				0879E9CB2406D664007890BC /* Interface.storyboard in Resources */,
			);
			runOnlyForDeploymentPostprocessing = 0;
		};
		0879E9D12406D669007890BC /* Resources */ = {
			isa = PBXResourcesBuildPhase;
			buildActionMask = 2147483647;
			files = (
				0879E9E62406D66A007890BC /* Preview Assets.xcassets in Resources */,
				0879E9E32406D66A007890BC /* Assets.xcassets in Resources */,
			);
			runOnlyForDeploymentPostprocessing = 0;
		};
		0879EA092406E2DD007890BC /* Resources */ = {
			isa = PBXResourcesBuildPhase;
			buildActionMask = 2147483647;
			files = (
				0879EA182406E2E0007890BC /* Main.storyboard in Resources */,
				0879EA152406E2E0007890BC /* Preview Assets.xcassets in Resources */,
				0879EA122406E2E0007890BC /* Assets.xcassets in Resources */,
			);
			runOnlyForDeploymentPostprocessing = 0;
		};
		3C67B5CE22F2A27000E84C1F /* Resources */ = {
			isa = PBXResourcesBuildPhase;
			buildActionMask = 2147483647;
			files = (
				3C67B5E022F2A27200E84C1F /* LaunchScreen.storyboard in Resources */,
				3C67B5DD22F2A27200E84C1F /* Preview Assets.xcassets in Resources */,
				3C67B5DA22F2A27200E84C1F /* Assets.xcassets in Resources */,
			);
			runOnlyForDeploymentPostprocessing = 0;
		};
/* End PBXResourcesBuildPhase section */

/* Begin PBXSourcesBuildPhase section */
		0879E9CF2406D669007890BC /* Sources */ = {
			isa = PBXSourcesBuildPhase;
			buildActionMask = 2147483647;
			files = (
				0879E9FD2406E0FD007890BC /* IsPrimeModalView.swift in Sources */,
				0879E9FA2406E06B007890BC /* CounterView.swift in Sources */,
				0879E9F52406D7C7007890BC /* WolframAlphaResult.swift in Sources */,
				0879E9F62406D7D7007890BC /* Int+Extension.swift in Sources */,
				0879EA062406E19F007890BC /* PrimeAlert.swift in Sources */,
				0879E9DB2406D669007890BC /* HostingController.swift in Sources */,
				0879E9D92406D669007890BC /* ContentView.swift in Sources */,
				0879E9DF2406D669007890BC /* NotificationController.swift in Sources */,
				0879EA002406E12F007890BC /* FavoritePrimesView.swift in Sources */,
				0879E9F42406D73C007890BC /* AppState.swift in Sources */,
				0879E9DD2406D669007890BC /* ExtensionDelegate.swift in Sources */,
				0879E9E12406D669007890BC /* NotificationView.swift in Sources */,
			);
			runOnlyForDeploymentPostprocessing = 0;
		};
		0879EA072406E2DD007890BC /* Sources */ = {
			isa = PBXSourcesBuildPhase;
			buildActionMask = 2147483647;
			files = (
				0879EA1E2406E30D007890BC /* WolframAlphaResult.swift in Sources */,
				0879EA242406E313007890BC /* IsPrimeModalView.swift in Sources */,
				0879EA292406F7CF007890BC /* FavoritePrimesView.swift in Sources */,
				0879EA262406E4CF007890BC /* NavigationMaster.swift in Sources */,
				0879EA202406E30D007890BC /* PrimeAlert.swift in Sources */,
				0879EA102406E2DD007890BC /* ContentView.swift in Sources */,
				0879EA2D2406F92F007890BC /* CounterView.swift in Sources */,
				0879EA282406E76A007890BC /* NavigationDetail.swift in Sources */,
				0879EA212406E310007890BC /* Int+Extension.swift in Sources */,
				0879EA0E2406E2DD007890BC /* AppDelegate.swift in Sources */,
				0879EA1F2406E30D007890BC /* AppState.swift in Sources */,
			);
			runOnlyForDeploymentPostprocessing = 0;
		};
		3C67B5CC22F2A27000E84C1F /* Sources */ = {
			isa = PBXSourcesBuildPhase;
			buildActionMask = 2147483647;
			files = (
				3C67B5EC22F4A7BB00E84C1F /* WolframAlphaResult.swift in Sources */,
				0879E9F92406E06B007890BC /* CounterView.swift in Sources */,
				0879E9FC2406E0FD007890BC /* IsPrimeModalView.swift in Sources */,
				0879E9FF2406E12F007890BC /* FavoritePrimesView.swift in Sources */,
				0879EA2B2406F825007890BC /* FavoritesPrimeContainerView.swift in Sources */,
				3C67B5EA22F3630800E84C1F /* Int+Extension.swift in Sources */,
				3C67B5D422F2A27000E84C1F /* AppDelegate.swift in Sources */,
				0879EA052406E19F007890BC /* PrimeAlert.swift in Sources */,
				3C67B5D622F2A27000E84C1F /* SceneDelegate.swift in Sources */,
				3C67B5D822F2A27000E84C1F /* ContentView.swift in Sources */,
				3C67B5E822F35D9B00E84C1F /* AppState.swift in Sources */,
			);
			runOnlyForDeploymentPostprocessing = 0;
		};
/* End PBXSourcesBuildPhase section */

/* Begin PBXTargetDependency section */
		0879E9D62406D669007890BC /* PBXTargetDependency */ = {
			isa = PBXTargetDependency;
			target = 0879E9D22406D669007890BC /* Counter Watch Extension */;
			targetProxy = 0879E9D52406D669007890BC /* PBXContainerItemProxy */;
		};
		0879E9EA2406D66A007890BC /* PBXTargetDependency */ = {
			isa = PBXTargetDependency;
			target = 0879E9C62406D664007890BC /* Counter Watch */;
			targetProxy = 0879E9E92406D66A007890BC /* PBXContainerItemProxy */;
		};
/* End PBXTargetDependency section */

/* Begin PBXVariantGroup section */
		0879E9C92406D664007890BC /* Interface.storyboard */ = {
			isa = PBXVariantGroup;
			children = (
				0879E9CA2406D664007890BC /* Base */,
			);
			name = Interface.storyboard;
			sourceTree = "<group>";
		};
		0879EA162406E2E0007890BC /* Main.storyboard */ = {
			isa = PBXVariantGroup;
			children = (
				0879EA172406E2E0007890BC /* Base */,
			);
			name = Main.storyboard;
			sourceTree = "<group>";
		};
		3C67B5DE22F2A27200E84C1F /* LaunchScreen.storyboard */ = {
			isa = PBXVariantGroup;
			children = (
				3C67B5DF22F2A27200E84C1F /* Base */,
			);
			name = LaunchScreen.storyboard;
			sourceTree = "<group>";
		};
/* End PBXVariantGroup section */

/* Begin XCBuildConfiguration section */
		0879E9ED2406D66A007890BC /* Debug */ = {
			isa = XCBuildConfiguration;
			buildSettings = {
				ALWAYS_EMBED_SWIFT_STANDARD_LIBRARIES = YES;
				ASSETCATALOG_COMPILER_APPICON_NAME = AppIcon;
				CODE_SIGN_STYLE = Automatic;
				DEVELOPMENT_TEAM = 5EMC6RK8V9;
				IBSC_MODULE = Counter_Watch_Extension;
				INFOPLIST_FILE = "Counter Watch/Info.plist";
				PRODUCT_BUNDLE_IDENTIFIER = com.dwarvesf.Counter.watchkitapp;
				PRODUCT_NAME = "$(TARGET_NAME)";
				SDKROOT = watchos;
				SKIP_INSTALL = YES;
				SWIFT_VERSION = 5.0;
				TARGETED_DEVICE_FAMILY = 4;
				WATCHOS_DEPLOYMENT_TARGET = 6.1;
			};
			name = Debug;
		};
		0879E9EE2406D66A007890BC /* Release */ = {
			isa = XCBuildConfiguration;
			buildSettings = {
				ALWAYS_EMBED_SWIFT_STANDARD_LIBRARIES = YES;
				ASSETCATALOG_COMPILER_APPICON_NAME = AppIcon;
				CODE_SIGN_STYLE = Automatic;
				DEVELOPMENT_TEAM = 5EMC6RK8V9;
				IBSC_MODULE = Counter_Watch_Extension;
				INFOPLIST_FILE = "Counter Watch/Info.plist";
				PRODUCT_BUNDLE_IDENTIFIER = com.dwarvesf.Counter.watchkitapp;
				PRODUCT_NAME = "$(TARGET_NAME)";
				SDKROOT = watchos;
				SKIP_INSTALL = YES;
				SWIFT_VERSION = 5.0;
				TARGETED_DEVICE_FAMILY = 4;
				WATCHOS_DEPLOYMENT_TARGET = 6.1;
			};
			name = Release;
		};
		0879E9F02406D66A007890BC /* Debug */ = {
			isa = XCBuildConfiguration;
			buildSettings = {
				ASSETCATALOG_COMPILER_COMPLICATION_NAME = Complication;
				CODE_SIGN_STYLE = Automatic;
				DEVELOPMENT_ASSET_PATHS = "\"Counter Watch Extension/Preview Content\"";
				DEVELOPMENT_TEAM = H732ZJG4S3;
				ENABLE_PREVIEWS = YES;
				INFOPLIST_FILE = "Counter Watch Extension/Info.plist";
				LD_RUNPATH_SEARCH_PATHS = (
					"$(inherited)",
					"@executable_path/Frameworks",
					"@executable_path/../../Frameworks",
				);
				PRODUCT_BUNDLE_IDENTIFIER = com.dwarvesf.Counter.watchkitapp.watchkitextension;
				PRODUCT_NAME = "${TARGET_NAME}";
				SDKROOT = watchos;
				SKIP_INSTALL = YES;
				SWIFT_VERSION = 5.0;
				TARGETED_DEVICE_FAMILY = 4;
				WATCHOS_DEPLOYMENT_TARGET = 6.1;
			};
			name = Debug;
		};
		0879E9F12406D66A007890BC /* Release */ = {
			isa = XCBuildConfiguration;
			buildSettings = {
				ASSETCATALOG_COMPILER_COMPLICATION_NAME = Complication;
				CODE_SIGN_STYLE = Automatic;
				DEVELOPMENT_ASSET_PATHS = "\"Counter Watch Extension/Preview Content\"";
				DEVELOPMENT_TEAM = H732ZJG4S3;
				ENABLE_PREVIEWS = YES;
				INFOPLIST_FILE = "Counter Watch Extension/Info.plist";
				LD_RUNPATH_SEARCH_PATHS = (
					"$(inherited)",
					"@executable_path/Frameworks",
					"@executable_path/../../Frameworks",
				);
				PRODUCT_BUNDLE_IDENTIFIER = com.dwarvesf.Counter.watchkitapp.watchkitextension;
				PRODUCT_NAME = "${TARGET_NAME}";
				SDKROOT = watchos;
				SKIP_INSTALL = YES;
				SWIFT_VERSION = 5.0;
				TARGETED_DEVICE_FAMILY = 4;
				WATCHOS_DEPLOYMENT_TARGET = 6.1;
			};
			name = Release;
		};
		0879EA1C2406E2E0007890BC /* Debug */ = {
			isa = XCBuildConfiguration;
			buildSettings = {
				ASSETCATALOG_COMPILER_APPICON_NAME = AppIcon;
				CODE_SIGN_ENTITLEMENTS = MacCounter/MacCounter.entitlements;
				CODE_SIGN_STYLE = Automatic;
				COMBINE_HIDPI_IMAGES = YES;
				DEVELOPMENT_ASSET_PATHS = "\"MacCounter/Preview Content\"";
				DEVELOPMENT_TEAM = H732ZJG4S3;
				ENABLE_HARDENED_RUNTIME = YES;
				ENABLE_PREVIEWS = YES;
				INFOPLIST_FILE = MacCounter/Info.plist;
				LD_RUNPATH_SEARCH_PATHS = (
					"$(inherited)",
					"@executable_path/../Frameworks",
				);
				MACOSX_DEPLOYMENT_TARGET = 10.15;
				PRODUCT_BUNDLE_IDENTIFIER = io.github.phucledien.MacCounter;
				PRODUCT_NAME = "$(TARGET_NAME)";
				SDKROOT = macosx;
				SWIFT_VERSION = 5.0;
			};
			name = Debug;
		};
		0879EA1D2406E2E0007890BC /* Release */ = {
			isa = XCBuildConfiguration;
			buildSettings = {
				ASSETCATALOG_COMPILER_APPICON_NAME = AppIcon;
				CODE_SIGN_ENTITLEMENTS = MacCounter/MacCounter.entitlements;
				CODE_SIGN_STYLE = Automatic;
				COMBINE_HIDPI_IMAGES = YES;
				DEVELOPMENT_ASSET_PATHS = "\"MacCounter/Preview Content\"";
				DEVELOPMENT_TEAM = H732ZJG4S3;
				ENABLE_HARDENED_RUNTIME = YES;
				ENABLE_PREVIEWS = YES;
				INFOPLIST_FILE = MacCounter/Info.plist;
				LD_RUNPATH_SEARCH_PATHS = (
					"$(inherited)",
					"@executable_path/../Frameworks",
				);
				MACOSX_DEPLOYMENT_TARGET = 10.15;
				PRODUCT_BUNDLE_IDENTIFIER = io.github.phucledien.MacCounter;
				PRODUCT_NAME = "$(TARGET_NAME)";
				SDKROOT = macosx;
				SWIFT_VERSION = 5.0;
			};
			name = Release;
		};
		3C67B5E222F2A27200E84C1F /* Debug */ = {
			isa = XCBuildConfiguration;
			buildSettings = {
				ALWAYS_SEARCH_USER_PATHS = NO;
				CLANG_ANALYZER_NONNULL = YES;
				CLANG_ANALYZER_NUMBER_OBJECT_CONVERSION = YES_AGGRESSIVE;
				CLANG_CXX_LANGUAGE_STANDARD = "gnu++14";
				CLANG_CXX_LIBRARY = "libc++";
				CLANG_ENABLE_MODULES = YES;
				CLANG_ENABLE_OBJC_ARC = YES;
				CLANG_ENABLE_OBJC_WEAK = YES;
				CLANG_WARN_BLOCK_CAPTURE_AUTORELEASING = YES;
				CLANG_WARN_BOOL_CONVERSION = YES;
				CLANG_WARN_COMMA = YES;
				CLANG_WARN_CONSTANT_CONVERSION = YES;
				CLANG_WARN_DEPRECATED_OBJC_IMPLEMENTATIONS = YES;
				CLANG_WARN_DIRECT_OBJC_ISA_USAGE = YES_ERROR;
				CLANG_WARN_DOCUMENTATION_COMMENTS = YES;
				CLANG_WARN_EMPTY_BODY = YES;
				CLANG_WARN_ENUM_CONVERSION = YES;
				CLANG_WARN_INFINITE_RECURSION = YES;
				CLANG_WARN_INT_CONVERSION = YES;
				CLANG_WARN_NON_LITERAL_NULL_CONVERSION = YES;
				CLANG_WARN_OBJC_IMPLICIT_RETAIN_SELF = YES;
				CLANG_WARN_OBJC_LITERAL_CONVERSION = YES;
				CLANG_WARN_OBJC_ROOT_CLASS = YES_ERROR;
				CLANG_WARN_RANGE_LOOP_ANALYSIS = YES;
				CLANG_WARN_STRICT_PROTOTYPES = YES;
				CLANG_WARN_SUSPICIOUS_MOVE = YES;
				CLANG_WARN_UNGUARDED_AVAILABILITY = YES_AGGRESSIVE;
				CLANG_WARN_UNREACHABLE_CODE = YES;
				CLANG_WARN__DUPLICATE_METHOD_MATCH = YES;
				COPY_PHASE_STRIP = NO;
				DEBUG_INFORMATION_FORMAT = dwarf;
				ENABLE_STRICT_OBJC_MSGSEND = YES;
				ENABLE_TESTABILITY = YES;
				GCC_C_LANGUAGE_STANDARD = gnu11;
				GCC_DYNAMIC_NO_PIC = NO;
				GCC_NO_COMMON_BLOCKS = YES;
				GCC_OPTIMIZATION_LEVEL = 0;
				GCC_PREPROCESSOR_DEFINITIONS = (
					"DEBUG=1",
					"$(inherited)",
				);
				GCC_WARN_64_TO_32_BIT_CONVERSION = YES;
				GCC_WARN_ABOUT_RETURN_TYPE = YES_ERROR;
				GCC_WARN_UNDECLARED_SELECTOR = YES;
				GCC_WARN_UNINITIALIZED_AUTOS = YES_AGGRESSIVE;
				GCC_WARN_UNUSED_FUNCTION = YES;
				GCC_WARN_UNUSED_VARIABLE = YES;
				IPHONEOS_DEPLOYMENT_TARGET = 13.0;
				MTL_ENABLE_DEBUG_INFO = INCLUDE_SOURCE;
				MTL_FAST_MATH = YES;
				ONLY_ACTIVE_ARCH = YES;
				SDKROOT = iphoneos;
				SWIFT_ACTIVE_COMPILATION_CONDITIONS = DEBUG;
				SWIFT_OPTIMIZATION_LEVEL = "-Onone";
			};
			name = Debug;
		};
		3C67B5E322F2A27200E84C1F /* Release */ = {
			isa = XCBuildConfiguration;
			buildSettings = {
				ALWAYS_SEARCH_USER_PATHS = NO;
				CLANG_ANALYZER_NONNULL = YES;
				CLANG_ANALYZER_NUMBER_OBJECT_CONVERSION = YES_AGGRESSIVE;
				CLANG_CXX_LANGUAGE_STANDARD = "gnu++14";
				CLANG_CXX_LIBRARY = "libc++";
				CLANG_ENABLE_MODULES = YES;
				CLANG_ENABLE_OBJC_ARC = YES;
				CLANG_ENABLE_OBJC_WEAK = YES;
				CLANG_WARN_BLOCK_CAPTURE_AUTORELEASING = YES;
				CLANG_WARN_BOOL_CONVERSION = YES;
				CLANG_WARN_COMMA = YES;
				CLANG_WARN_CONSTANT_CONVERSION = YES;
				CLANG_WARN_DEPRECATED_OBJC_IMPLEMENTATIONS = YES;
				CLANG_WARN_DIRECT_OBJC_ISA_USAGE = YES_ERROR;
				CLANG_WARN_DOCUMENTATION_COMMENTS = YES;
				CLANG_WARN_EMPTY_BODY = YES;
				CLANG_WARN_ENUM_CONVERSION = YES;
				CLANG_WARN_INFINITE_RECURSION = YES;
				CLANG_WARN_INT_CONVERSION = YES;
				CLANG_WARN_NON_LITERAL_NULL_CONVERSION = YES;
				CLANG_WARN_OBJC_IMPLICIT_RETAIN_SELF = YES;
				CLANG_WARN_OBJC_LITERAL_CONVERSION = YES;
				CLANG_WARN_OBJC_ROOT_CLASS = YES_ERROR;
				CLANG_WARN_RANGE_LOOP_ANALYSIS = YES;
				CLANG_WARN_STRICT_PROTOTYPES = YES;
				CLANG_WARN_SUSPICIOUS_MOVE = YES;
				CLANG_WARN_UNGUARDED_AVAILABILITY = YES_AGGRESSIVE;
				CLANG_WARN_UNREACHABLE_CODE = YES;
				CLANG_WARN__DUPLICATE_METHOD_MATCH = YES;
				COPY_PHASE_STRIP = NO;
				DEBUG_INFORMATION_FORMAT = "dwarf-with-dsym";
				ENABLE_NS_ASSERTIONS = NO;
				ENABLE_STRICT_OBJC_MSGSEND = YES;
				GCC_C_LANGUAGE_STANDARD = gnu11;
				GCC_NO_COMMON_BLOCKS = YES;
				GCC_WARN_64_TO_32_BIT_CONVERSION = YES;
				GCC_WARN_ABOUT_RETURN_TYPE = YES_ERROR;
				GCC_WARN_UNDECLARED_SELECTOR = YES;
				GCC_WARN_UNINITIALIZED_AUTOS = YES_AGGRESSIVE;
				GCC_WARN_UNUSED_FUNCTION = YES;
				GCC_WARN_UNUSED_VARIABLE = YES;
				IPHONEOS_DEPLOYMENT_TARGET = 13.0;
				MTL_ENABLE_DEBUG_INFO = NO;
				MTL_FAST_MATH = YES;
				SDKROOT = iphoneos;
				SWIFT_COMPILATION_MODE = wholemodule;
				SWIFT_OPTIMIZATION_LEVEL = "-O";
				VALIDATE_PRODUCT = YES;
			};
			name = Release;
		};
		3C67B5E522F2A27200E84C1F /* Debug */ = {
			isa = XCBuildConfiguration;
			buildSettings = {
				ASSETCATALOG_COMPILER_APPICON_NAME = AppIcon;
				CODE_SIGN_STYLE = Automatic;
				DEVELOPMENT_ASSET_PATHS = "Counter/Preview\\ Content";
				DEVELOPMENT_TEAM = 5EMC6RK8V9;
				ENABLE_PREVIEWS = YES;
				INFOPLIST_FILE = Counter/Info.plist;
				LD_RUNPATH_SEARCH_PATHS = (
					"$(inherited)",
					"@executable_path/Frameworks",
				);
				PRODUCT_BUNDLE_IDENTIFIER = com.dwarvesf.Counter;
				PRODUCT_NAME = "$(TARGET_NAME)";
				SWIFT_VERSION = 5.0;
				TARGETED_DEVICE_FAMILY = "1,2";
			};
			name = Debug;
		};
		3C67B5E622F2A27200E84C1F /* Release */ = {
			isa = XCBuildConfiguration;
			buildSettings = {
				ASSETCATALOG_COMPILER_APPICON_NAME = AppIcon;
				CODE_SIGN_STYLE = Automatic;
				DEVELOPMENT_ASSET_PATHS = "Counter/Preview\\ Content";
				DEVELOPMENT_TEAM = 5EMC6RK8V9;
				ENABLE_PREVIEWS = YES;
				INFOPLIST_FILE = Counter/Info.plist;
				LD_RUNPATH_SEARCH_PATHS = (
					"$(inherited)",
					"@executable_path/Frameworks",
				);
				PRODUCT_BUNDLE_IDENTIFIER = com.dwarvesf.Counter;
				PRODUCT_NAME = "$(TARGET_NAME)";
				SWIFT_VERSION = 5.0;
				TARGETED_DEVICE_FAMILY = "1,2";
			};
			name = Release;
		};
/* End XCBuildConfiguration section */

/* Begin XCConfigurationList section */
		0879E9F22406D66A007890BC /* Build configuration list for PBXNativeTarget "Counter Watch Extension" */ = {
			isa = XCConfigurationList;
			buildConfigurations = (
				0879E9F02406D66A007890BC /* Debug */,
				0879E9F12406D66A007890BC /* Release */,
			);
			defaultConfigurationIsVisible = 0;
			defaultConfigurationName = Release;
		};
		0879E9F32406D66A007890BC /* Build configuration list for PBXNativeTarget "Counter Watch" */ = {
			isa = XCConfigurationList;
			buildConfigurations = (
				0879E9ED2406D66A007890BC /* Debug */,
				0879E9EE2406D66A007890BC /* Release */,
			);
			defaultConfigurationIsVisible = 0;
			defaultConfigurationName = Release;
		};
		0879EA1B2406E2E0007890BC /* Build configuration list for PBXNativeTarget "MacCounter" */ = {
			isa = XCConfigurationList;
			buildConfigurations = (
				0879EA1C2406E2E0007890BC /* Debug */,
				0879EA1D2406E2E0007890BC /* Release */,
			);
			defaultConfigurationIsVisible = 0;
			defaultConfigurationName = Release;
		};
		3C67B5CB22F2A27000E84C1F /* Build configuration list for PBXProject "Counter" */ = {
			isa = XCConfigurationList;
			buildConfigurations = (
				3C67B5E222F2A27200E84C1F /* Debug */,
				3C67B5E322F2A27200E84C1F /* Release */,
			);
			defaultConfigurationIsVisible = 0;
			defaultConfigurationName = Release;
		};
		3C67B5E422F2A27200E84C1F /* Build configuration list for PBXNativeTarget "Counter" */ = {
			isa = XCConfigurationList;
			buildConfigurations = (
				3C67B5E522F2A27200E84C1F /* Debug */,
				3C67B5E622F2A27200E84C1F /* Release */,
			);
			defaultConfigurationIsVisible = 0;
			defaultConfigurationName = Release;
		};
/* End XCConfigurationList section */
	};
	rootObject = 3C67B5C822F2A27000E84C1F /* Project object */;
}
