# This file is autogenerated, do not edit; changes may be undone by the next 'dep ensure'.


[[projects]]
  digest = "1:8b36a2a5ed2e66e577c35f9b0f770b4653977a025a59088ba4fd2fbbaa948382"
  name = "github.com/DavidBelicza/TextRank"
  packages = [
    ".",
    "convert",
    "parse",
    "rank",
  ]
  pruneopts = "UT"
  revision = "79e14bab980af3a1c9f4f5b73672ae1ef18ab732"
  version = "v2.1.1"

[[projects]]
  branch = "master"
  digest = "1:42ecbfed0886833d3ef756c5e2b4971d5b14d7191b9f9d4baa4ab41231cfb3e7"
  name = "github.com/agonopol/go-stem"
  packages = ["."]
  pruneopts = "UT"
  revision = "98588501825042276ca6d7cbc73bc8bb56ea8d77"

[[projects]]
  digest = "1:870d441fe217b8e689d7949fef6e43efbc787e50f200cb1e70dbca9204a1d6be"
  name = "github.com/inconshreveable/mousetrap"
  packages = ["."]
  pruneopts = "UT"
  revision = "76626ae9c91c4f2a10f34cad8ce83ea42c93bb75"
  version = "v1.0"

[[projects]]
  branch = "master"
  digest = "1:e375206f7b0f3113ef47fa5215b7193455a62273d39dd5e5a89d8cb4b4bc2666"
  name = "github.com/jaytaylor/html2text"
  packages = ["."]
  pruneopts = "UT"
  revision = "61d9dc4d719557facf8e9f7ac2e1e215d2167462"

[[projects]]
  digest = "1:eb1bffab7260bf5ddc95fc2c41d4bfee1a4f5fe18194b3946fe8a9e9121a282f"
  name = "github.com/mattn/go-runewidth"
  packages = ["."]
  pruneopts = "UT"
  revision = "a4df4ddbff020e131056d91f580a1cdcd806e3ae"
  version = "v0.0.8"

[[projects]]
  branch = "master"
  digest = "1:9e644a6acf4df1a47b084fe11686130e0b0c49c9de08339ac25c1d20f19cc088"
  name = "github.com/mkhoi1998/Stack-on-Go"
  packages = ["stackongo"]
  pruneopts = "UT"
  revision = "67f606fd2d095464fd454f5cf1e59c55e4f4a0bd"

[[projects]]
  digest = "1:b8261a46d75566ebf5b4fb6bb762f54f47e6633e0995118393afc80bb1f428f5"
  name = "github.com/olekukonko/tablewriter"
  packages = ["."]
  pruneopts = "UT"
  revision = "876dd0e0227ec99c0243b639b92139915b65331a"
  version = "v0.0.4"

[[projects]]
  digest = "1:56ce664abce576b1e6e3673303a5eef8ef57d3f261c2d658f6f0313ecb17ac1f"
  name = "github.com/sahilm/fuzzy"
  packages = ["."]
  pruneopts = "UT"
  revision = "0ca8ec0fccc8cd7d336a6d6dec490a327a8d5cb0"
  version = "v0.1.0"

[[projects]]
  digest = "1:6a13467c76490975b05609344b3d882a9185fd11a44a04ede7427d684e0819b9"
  name = "github.com/spf13/cobra"
  packages = ["."]
  pruneopts = "UT"
  revision = "0da06874266c88228b8f14615396a1f6bfc90ed7"
  version = "v0.0.6"

[[projects]]
  digest = "1:524b71991fc7d9246cc7dc2d9e0886ccb97648091c63e30eef619e6862c955dd"
  name = "github.com/spf13/pflag"
  packages = ["."]
  pruneopts = "UT"
  revision = "2e9d26c8c37aae03e3f9d4e90b7116f5accb7cab"
  version = "v1.0.5"

[[projects]]
  branch = "master"
  digest = "1:362b269942e8508aed33025593090ad4cdbd9077de4b1cd505e6124728e9e856"
  name = "github.com/ssor/bom"
  packages = ["."]
  pruneopts = "UT"
  revision = "6386211fdfcf24c0bfbdaceafd02849ed9a8a509"

[[projects]]
  branch = "master"
  digest = "1:ca901dc31bf65bcdf4ceb1b9b83292ea7b71bf9e4e22a807093900c737e1d960"
  name = "golang.org/x/net"
  packages = [
    "html",
    "html/atom",
  ]
  pruneopts = "UT"
  revision = "244492dfa37ae2ce87222fd06250a03160745faa"

[solve-meta]
  analyzer-name = "dep"
  analyzer-version = 1
  input-imports = [
    "github.com/DavidBelicza/TextRank",
    "github.com/agonopol/go-stem",
    "github.com/jaytaylor/html2text",
    "github.com/mkhoi1998/Stack-on-Go/stackongo",
    "github.com/sahilm/fuzzy",
    "github.com/spf13/cobra",
    "golang.org/x/net/html",
  ]
  solver-name = "gps-cdcl"
  solver-version = 1
